# THIS IS AN AUTOGENERATED FILE. DO NOT EDIT THIS FILE DIRECTLY.
# yarn lockfile v1


"@isfegu/samuel@^0.2.0":
  version "0.2.0"
  resolved "https://registry.yarnpkg.com/@isfegu/samuel/-/samuel-0.2.0.tgz#4e8c6a1927f82f0f762f2d6c561c601d2e833dc7"
  integrity sha512-BVdDr4+NY9KL0VswrCmSpnoBJdM6zoV6O6I4v3ZLMJBoJhJemI3U7HKOil/tQiqI1v4G/NnbMvOQzuNyXdL5Mg==
