# This file is generated by running "yarn install" inside your project.
# Manual changes might be lost - proceed with caution!

__metadata:
  version: 6
  cacheKey: 8

"@isfegu/dothyphen-napi@workspace:.":
  version: 0.0.0-use.local
  resolution: "@isfegu/dothyphen-napi@workspace:."
  dependencies:
    "@napi-rs/cli": ^2.15.2
  languageName: unknown
  linkType: soft

"@napi-rs/cli@npm:^2.15.2":
  version: 2.15.2
  resolution: "@napi-rs/cli@npm:2.15.2"
  bin:
    napi: scripts/index.js
  checksum: dedcbd339f634e4a4c442febbfaee7c0fd907f3b8082c1f3ddba18b0e02ae2f0e4bff75688763669db5fb1a0f5ab26a7200cb6c01fe8825effd0a70a44bcbbc7
  languageName: node
  linkType: hard
